
Microsoft Visual Studio Solution File, Format Version 12.00
# Visual Studio Version 16
VisualStudioVersion = 16.0.31410.357
MinimumVisualStudioVersion = 10.0.40219.1
Project("{FAE04EC0-301F-11D3-BF4B-00C04F79EFBC}") = "EventyApp.UWP", "EventyApp\EventyApp.UWP\EventyApp.UWP.csproj", "{B5A66804-6C9E-4C0A-BC3E-9C40A6AD443E}"
EndProject
Project("{FAE04EC0-301F-11D3-BF4B-00C04F79EFBC}") = "EventyApp.Android", "EventyApp\EventyApp.Android\EventyApp.Android.csproj", "{1C43D657-289B-4A9C-AA93-CAE7AF8970DD}"
EndProject
Project("{FAE04EC0-301F-11D3-BF4B-00C04F79EFBC}") = "EventyApp.iOS", "EventyApp\EventyApp.iOS\EventyApp.iOS.csproj", "{F29AF4A2-10E0-4CFF-A6B6-C9F2FAF999C5}"
EndProject
Project("{FAE04EC0-301F-11D3-BF4B-00C04F79EFBC}") = "EventyApp", "EventyApp\EventyApp\EventyApp.csproj", "{55B81142-39C1-44AB-B70E-D855812408FE}"
EndProject
Global
	GlobalSection(SolutionConfigurationPlatforms) = preSolution
		Debug|Any CPU = Debug|Any CPU
		Debug|ARM = Debug|ARM
		Debug|iPhone = Debug|iPhone
		Debug|iPhoneSimulator = Debug|iPhoneSimulator
		Debug|x64 = Debug|x64
		Debug|x86 = Debug|x86
		Release|Any CPU = Release|Any CPU
		Release|ARM = Release|ARM
		Release|iPhone = Release|iPhone
		Release|iPhoneSimulator = Release|iPhoneSimulator
		Release|x64 = Release|x64
		Release|x86 = Release|x86
	EndGlobalSection
	GlobalSection(ProjectConfigurationPlatforms) = postSolution
		{B5A66804-6C9E-4C0A-BC3E-9C40A6AD443E}.Debug|Any CPU.ActiveCfg = Debug|x86
		{B5A66804-6C9E-4C0A-BC3E-9C40A6AD443E}.Debug|Any CPU.Build.0 = Debug|x86
		{B5A66804-6C9E-4C0A-BC3E-9C40A6AD443E}.Debug|Any CPU.Deploy.0 = Debug|x86
		{B5A66804-6C9E-4C0A-BC3E-9C40A6AD443E}.Debug|ARM.ActiveCfg = Debug|ARM
		{B5A66804-6C9E-4C0A-BC3E-9C40A6AD443E}.Debug|ARM.Build.0 = Debug|ARM
		{B5A66804-6C9E-4C0A-BC3E-9C40A6AD443E}.Debug|ARM.Deploy.0 = Debug|ARM
		{B5A66804-6C9E-4C0A-BC3E-9C40A6AD443E}.Debug|iPhone.ActiveCfg = Debug|x86
		{B5A66804-6C9E-4C0A-BC3E-9C40A6AD443E}.Debug|iPhone.Build.0 = Debug|x86
		{B5A66804-6C9E-4C0A-BC3E-9C40A6AD443E}.Debug|iPhone.Deploy.0 = Debug|x86
		{B5A66804-6C9E-4C0A-BC3E-9C40A6AD443E}.Debug|iPhoneSimulator.ActiveCfg = Debug|x86
		{B5A66804-6C9E-4C0A-BC3E-9C40A6AD443E}.Debug|iPhoneSimulator.Build.0 = Debug|x86
		{B5A66804-6C9E-4C0A-BC3E-9C40A6AD443E}.Debug|iPhoneSimulator.Deploy.0 = Debug|x86
		{B5A66804-6C9E-4C0A-BC3E-9C40A6AD443E}.Debug|x64.ActiveCfg = Debug|x64
		{B5A66804-6C9E-4C0A-BC3E-9C40A6AD443E}.Debug|x64.Build.0 = Debug|x64
		{B5A66804-6C9E-4C0A-BC3E-9C40A6AD443E}.Debug|x64.Deploy.0 = Debug|x64
		{B5A66804-6C9E-4C0A-BC3E-9C40A6AD443E}.Debug|x86.ActiveCfg = Debug|x86
		{B5A66804-6C9E-4C0A-BC3E-9C40A6AD443E}.Debug|x86.Build.0 = Debug|x86
		{B5A66804-6C9E-4C0A-BC3E-9C40A6AD443E}.Debug|x86.Deploy.0 = Debug|x86
		{B5A66804-6C9E-4C0A-BC3E-9C40A6AD443E}.Release|Any CPU.ActiveCfg = Release|x86
		{B5A66804-6C9E-4C0A-BC3E-9C40A6AD443E}.Release|Any CPU.Build.0 = Release|x86
		{B5A66804-6C9E-4C0A-BC3E-9C40A6AD443E}.Release|Any CPU.Deploy.0 = Release|x86
		{B5A66804-6C9E-4C0A-BC3E-9C40A6AD443E}.Release|ARM.ActiveCfg = Release|ARM
		{B5A66804-6C9E-4C0A-BC3E-9C40A6AD443E}.Release|ARM.Build.0 = Release|ARM
		{B5A66804-6C9E-4C0A-BC3E-9C40A6AD443E}.Release|ARM.Deploy.0 = Release|ARM
		{B5A66804-6C9E-4C0A-BC3E-9C40A6AD443E}.Release|iPhone.ActiveCfg = Release|x86
		{B5A66804-6C9E-4C0A-BC3E-9C40A6AD443E}.Release|iPhone.Build.0 = Release|x86
		{B5A66804-6C9E-4C0A-BC3E-9C40A6AD443E}.Release|iPhone.Deploy.0 = Release|x86
		{B5A66804-6C9E-4C0A-BC3E-9C40A6AD443E}.Release|iPhoneSimulator.ActiveCfg = Release|x86
		{B5A66804-6C9E-4C0A-BC3E-9C40A6AD443E}.Release|iPhoneSimulator.Build.0 = Release|x86
		{B5A66804-6C9E-4C0A-BC3E-9C40A6AD443E}.Release|iPhoneSimulator.Deploy.0 = Release|x86
		{B5A66804-6C9E-4C0A-BC3E-9C40A6AD443E}.Release|x64.ActiveCfg = Release|x64
		{B5A66804-6C9E-4C0A-BC3E-9C40A6AD443E}.Release|x64.Build.0 = Release|x64
		{B5A66804-6C9E-4C0A-BC3E-9C40A6AD443E}.Release|x64.Deploy.0 = Release|x64
		{B5A66804-6C9E-4C0A-BC3E-9C40A6AD443E}.Release|x86.ActiveCfg = Release|x86
		{B5A66804-6C9E-4C0A-BC3E-9C40A6AD443E}.Release|x86.Build.0 = Release|x86
		{B5A66804-6C9E-4C0A-BC3E-9C40A6AD443E}.Release|x86.Deploy.0 = Release|x86
		{1C43D657-289B-4A9C-AA93-CAE7AF8970DD}.Debug|Any CPU.ActiveCfg = Debug|Any CPU
		{1C43D657-289B-4A9C-AA93-CAE7AF8970DD}.Debug|Any CPU.Build.0 = Debug|Any CPU
		{1C43D657-289B-4A9C-AA93-CAE7AF8970DD}.Debug|Any CPU.Deploy.0 = Debug|Any CPU
		{1C43D657-289B-4A9C-AA93-CAE7AF8970DD}.Debug|ARM.ActiveCfg = Debug|Any CPU
		{1C43D657-289B-4A9C-AA93-CAE7AF8970DD}.Debug|ARM.Build.0 = Debug|Any CPU
		{1C43D657-289B-4A9C-AA93-CAE7AF8970DD}.Debug|ARM.Deploy.0 = Debug|Any CPU
		{1C43D657-289B-4A9C-AA93-CAE7AF8970DD}.Debug|iPhone.ActiveCfg = Debug|Any CPU
		{1C43D657-289B-4A9C-AA93-CAE7AF8970DD}.Debug|iPhone.Build.0 = Debug|Any CPU
		{1C43D657-289B-4A9C-AA93-CAE7AF8970DD}.Debug|iPhone.Deploy.0 = Debug|Any CPU
		{1C43D657-289B-4A9C-AA93-CAE7AF8970DD}.Debug|iPhoneSimulator.ActiveCfg = Debug|Any CPU
		{1C43D657-289B-4A9C-AA93-CAE7AF8970DD}.Debug|iPhoneSimulator.Build.0 = Debug|Any CPU
		{1C43D657-289B-4A9C-AA93-CAE7AF8970DD}.Debug|iPhoneSimulator.Deploy.0 = Debug|Any CPU
		{1C43D657-289B-4A9C-AA93-CAE7AF8970DD}.Debug|x64.ActiveCfg = Debug|Any CPU
		{1C43D657-289B-4A9C-AA93-CAE7AF8970DD}.Debug|x64.Build.0 = Debug|Any CPU
		{1C43D657-289B-4A9C-AA93-CAE7AF8970DD}.Debug|x64.Deploy.0 = Debug|Any CPU
		{1C43D657-289B-4A9C-AA93-CAE7AF8970DD}.Debug|x86.ActiveCfg = Debug|Any CPU
		{1C43D657-289B-4A9C-AA93-CAE7AF8970DD}.Debug|x86.Build.0 = Debug|Any CPU
		{1C43D657-289B-4A9C-AA93-CAE7AF8970DD}.Debug|x86.Deploy.0 = Debug|Any CPU
		{1C43D657-289B-4A9C-AA93-CAE7AF8970DD}.Release|Any CPU.ActiveCfg = Release|Any CPU
		{1C43D657-289B-4A9C-AA93-CAE7AF8970DD}.Release|Any CPU.Build.0 = Release|Any CPU
		{1C43D657-289B-4A9C-AA93-CAE7AF8970DD}.Release|Any CPU.Deploy.0 = Release|Any CPU
		{1C43D657-289B-4A9C-AA93-CAE7AF8970DD}.Release|ARM.ActiveCfg = Release|Any CPU
		{1C43D657-289B-4A9C-AA93-CAE7AF8970DD}.Release|ARM.Build.0 = Release|Any CPU
		{1C43D657-289B-4A9C-AA93-CAE7AF8970DD}.Release|ARM.Deploy.0 = Release|Any CPU
		{1C43D657-289B-4A9C-AA93-CAE7AF8970DD}.Release|iPhone.ActiveCfg = Release|Any CPU
		{1C43D657-289B-4A9C-AA93-CAE7AF8970DD}.Release|iPhone.Build.0 = Release|Any CPU
		{1C43D657-289B-4A9C-AA93-CAE7AF8970DD}.Release|iPhone.Deploy.0 = Release|Any CPU
		{1C43D657-289B-4A9C-AA93-CAE7AF8970DD}.Release|iPhoneSimulator.ActiveCfg = Release|Any CPU
		{1C43D657-289B-4A9C-AA93-CAE7AF8970DD}.Release|iPhoneSimulator.Build.0 = Release|Any CPU
		{1C43D657-289B-4A9C-AA93-CAE7AF8970DD}.Release|iPhoneSimulator.Deploy.0 = Release|Any CPU
		{1C43D657-289B-4A9C-AA93-CAE7AF8970DD}.Release|x64.ActiveCfg = Release|Any CPU
		{1C43D657-289B-4A9C-AA93-CAE7AF8970DD}.Release|x64.Build.0 = Release|Any CPU
		{1C43D657-289B-4A9C-AA93-CAE7AF8970DD}.Release|x64.Deploy.0 = Release|Any CPU
		{1C43D657-289B-4A9C-AA93-CAE7AF8970DD}.Release|x86.ActiveCfg = Release|Any CPU
		{1C43D657-289B-4A9C-AA93-CAE7AF8970DD}.Release|x86.Build.0 = Release|Any CPU
		{1C43D657-289B-4A9C-AA93-CAE7AF8970DD}.Release|x86.Deploy.0 = Release|Any CPU
		{F29AF4A2-10E0-4CFF-A6B6-C9F2FAF999C5}.Debug|Any CPU.ActiveCfg = Debug|iPhoneSimulator
		{F29AF4A2-10E0-4CFF-A6B6-C9F2FAF999C5}.Debug|Any CPU.Build.0 = Debug|iPhoneSimulator
		{F29AF4A2-10E0-4CFF-A6B6-C9F2FAF999C5}.Debug|Any CPU.Deploy.0 = Debug|iPhoneSimulator
		{F29AF4A2-10E0-4CFF-A6B6-C9F2FAF999C5}.Debug|ARM.ActiveCfg = Debug|iPhone
		{F29AF4A2-10E0-4CFF-A6B6-C9F2FAF999C5}.Debug|ARM.Build.0 = Debug|iPhone
		{F29AF4A2-10E0-4CFF-A6B6-C9F2FAF999C5}.Debug|ARM.Deploy.0 = Debug|iPhone
		{F29AF4A2-10E0-4CFF-A6B6-C9F2FAF999C5}.Debug|iPhone.ActiveCfg = Debug|iPhone
		{F29AF4A2-10E0-4CFF-A6B6-C9F2FAF999C5}.Debug|iPhone.Build.0 = Debug|iPhone
		{F29AF4A2-10E0-4CFF-A6B6-C9F2FAF999C5}.Debug|iPhone.Deploy.0 = Debug|iPhone
		{F29AF4A2-10E0-4CFF-A6B6-C9F2FAF999C5}.Debug|iPhoneSimulator.ActiveCfg = Debug|iPhoneSimulator
		{F29AF4A2-10E0-4CFF-A6B6-C9F2FAF999C5}.Debug|iPhoneSimulator.Build.0 = Debug|iPhoneSimulator
		{F29AF4A2-10E0-4CFF-A6B6-C9F2FAF999C5}.Debug|iPhoneSimulator.Deploy.0 = Debug|iPhoneSimulator
		{F29AF4A2-10E0-4CFF-A6B6-C9F2FAF999C5}.Debug|x64.ActiveCfg = Debug|iPhoneSimulator
		{F29AF4A2-10E0-4CFF-A6B6-C9F2FAF999C5}.Debug|x64.Build.0 = Debug|iPhoneSimulator
		{F29AF4A2-10E0-4CFF-A6B6-C9F2FAF999C5}.Debug|x64.Deploy.0 = Debug|iPhoneSimulator
		{F29AF4A2-10E0-4CFF-A6B6-C9F2FAF999C5}.Debug|x86.ActiveCfg = Debug|iPhoneSimulator
		{F29AF4A2-10E0-4CFF-A6B6-C9F2FAF999C5}.Debug|x86.Build.0 = Debug|iPhoneSimulator
		{F29AF4A2-10E0-4CFF-A6B6-C9F2FAF999C5}.Debug|x86.Deploy.0 = Debug|iPhoneSimulator
		{F29AF4A2-10E0-4CFF-A6B6-C9F2FAF999C5}.Release|Any CPU.ActiveCfg = Release|iPhoneSimulator
		{F29AF4A2-10E0-4CFF-A6B6-C9F2FAF999C5}.Release|Any CPU.Build.0 = Release|iPhoneSimulator
		{F29AF4A2-10E0-4CFF-A6B6-C9F2FAF999C5}.Release|Any CPU.Deploy.0 = Release|iPhoneSimulator
		{F29AF4A2-10E0-4CFF-A6B6-C9F2FAF999C5}.Release|ARM.ActiveCfg = Release|iPhoneSimulator
		{F29AF4A2-10E0-4CFF-A6B6-C9F2FAF999C5}.Release|ARM.Build.0 = Release|iPhoneSimulator
		{F29AF4A2-10E0-4CFF-A6B6-C9F2FAF999C5}.Release|ARM.Deploy.0 = Release|iPhoneSimulator
		{F29AF4A2-10E0-4CFF-A6B6-C9F2FAF999C5}.Release|iPhone.ActiveCfg = Release|iPhone
		{F29AF4A2-10E0-4CFF-A6B6-C9F2FAF999C5}.Release|iPhone.Build.0 = Release|iPhone
		{F29AF4A2-10E0-4CFF-A6B6-C9F2FAF999C5}.Release|iPhone.Deploy.0 = Release|iPhone
		{F29AF4A2-10E0-4CFF-A6B6-C9F2FAF999C5}.Release|iPhoneSimulator.ActiveCfg = Release|iPhoneSimulator
		{F29AF4A2-10E0-4CFF-A6B6-C9F2FAF999C5}.Release|iPhoneSimulator.Build.0 = Release|iPhoneSimulator
		{F29AF4A2-10E0-4CFF-A6B6-C9F2FAF999C5}.Release|iPhoneSimulator.Deploy.0 = Release|iPhoneSimulator
		{F29AF4A2-10E0-4CFF-A6B6-C9F2FAF999C5}.Release|x64.ActiveCfg = Release|iPhoneSimulator
		{F29AF4A2-10E0-4CFF-A6B6-C9F2FAF999C5}.Release|x64.Build.0 = Release|iPhoneSimulator
		{F29AF4A2-10E0-4CFF-A6B6-C9F2FAF999C5}.Release|x64.Deploy.0 = Release|iPhoneSimulator
		{F29AF4A2-10E0-4CFF-A6B6-C9F2FAF999C5}.Release|x86.ActiveCfg = Release|iPhoneSimulator
		{F29AF4A2-10E0-4CFF-A6B6-C9F2FAF999C5}.Release|x86.Build.0 = Release|iPhoneSimulator
		{F29AF4A2-10E0-4CFF-A6B6-C9F2FAF999C5}.Release|x86.Deploy.0 = Release|iPhoneSimulator
		{55B81142-39C1-44AB-B70E-D855812408FE}.Debug|Any CPU.ActiveCfg = Debug|Any CPU
		{55B81142-39C1-44AB-B70E-D855812408FE}.Debug|Any CPU.Build.0 = Debug|Any CPU
		{55B81142-39C1-44AB-B70E-D855812408FE}.Debug|Any CPU.Deploy.0 = Debug|Any CPU
		{55B81142-39C1-44AB-B70E-D855812408FE}.Debug|ARM.ActiveCfg = Debug|Any CPU
		{55B81142-39C1-44AB-B70E-D855812408FE}.Debug|ARM.Build.0 = Debug|Any CPU
		{55B81142-39C1-44AB-B70E-D855812408FE}.Debug|ARM.Deploy.0 = Debug|Any CPU
		{55B81142-39C1-44AB-B70E-D855812408FE}.Debug|iPhone.ActiveCfg = Debug|Any CPU
		{55B81142-39C1-44AB-B70E-D855812408FE}.Debug|iPhone.Build.0 = Debug|Any CPU
		{55B81142-39C1-44AB-B70E-D855812408FE}.Debug|iPhone.Deploy.0 = Debug|Any CPU
		{55B81142-39C1-44AB-B70E-D855812408FE}.Debug|iPhoneSimulator.ActiveCfg = Debug|Any CPU
		{55B81142-39C1-44AB-B70E-D855812408FE}.Debug|iPhoneSimulator.Build.0 = Debug|Any CPU
		{55B81142-39C1-44AB-B70E-D855812408FE}.Debug|iPhoneSimulator.Deploy.0 = Debug|Any CPU
		{55B81142-39C1-44AB-B70E-D855812408FE}.Debug|x64.ActiveCfg = Debug|Any CPU
		{55B81142-39C1-44AB-B70E-D855812408FE}.Debug|x64.Build.0 = Debug|Any CPU
		{55B81142-39C1-44AB-B70E-D855812408FE}.Debug|x64.Deploy.0 = Debug|Any CPU
		{55B81142-39C1-44AB-B70E-D855812408FE}.Debug|x86.ActiveCfg = Debug|Any CPU
		{55B81142-39C1-44AB-B70E-D855812408FE}.Debug|x86.Build.0 = Debug|Any CPU
		{55B81142-39C1-44AB-B70E-D855812408FE}.Debug|x86.Deploy.0 = Debug|Any CPU
		{55B81142-39C1-44AB-B70E-D855812408FE}.Release|Any CPU.ActiveCfg = Release|Any CPU
		{55B81142-39C1-44AB-B70E-D855812408FE}.Release|Any CPU.Build.0 = Release|Any CPU
		{55B81142-39C1-44AB-B70E-D855812408FE}.Release|Any CPU.Deploy.0 = Release|Any CPU
		{55B81142-39C1-44AB-B70E-D855812408FE}.Release|ARM.ActiveCfg = Release|Any CPU
		{55B81142-39C1-44AB-B70E-D855812408FE}.Release|ARM.Build.0 = Release|Any CPU
		{55B81142-39C1-44AB-B70E-D855812408FE}.Release|ARM.Deploy.0 = Release|Any CPU
		{55B81142-39C1-44AB-B70E-D855812408FE}.Release|iPhone.ActiveCfg = Release|Any CPU
		{55B81142-39C1-44AB-B70E-D855812408FE}.Release|iPhone.Build.0 = Release|Any CPU
		{55B81142-39C1-44AB-B70E-D855812408FE}.Release|iPhone.Deploy.0 = Release|Any CPU
		{55B81142-39C1-44AB-B70E-D855812408FE}.Release|iPhoneSimulator.ActiveCfg = Release|Any CPU
		{55B81142-39C1-44AB-B70E-D855812408FE}.Release|iPhoneSimulator.Build.0 = Release|Any CPU
		{55B81142-39C1-44AB-B70E-D855812408FE}.Release|iPhoneSimulator.Deploy.0 = Release|Any CPU
		{55B81142-39C1-44AB-B70E-D855812408FE}.Release|x64.ActiveCfg = Release|Any CPU
		{55B81142-39C1-44AB-B70E-D855812408FE}.Release|x64.Build.0 = Release|Any CPU
		{55B81142-39C1-44AB-B70E-D855812408FE}.Release|x64.Deploy.0 = Release|Any CPU
		{55B81142-39C1-44AB-B70E-D855812408FE}.Release|x86.ActiveCfg = Release|Any CPU
		{55B81142-39C1-44AB-B70E-D855812408FE}.Release|x86.Build.0 = Release|Any CPU
		{55B81142-39C1-44AB-B70E-D855812408FE}.Release|x86.Deploy.0 = Release|Any CPU
	EndGlobalSection
	GlobalSection(SolutionProperties) = preSolution
		HideSolutionNode = FALSE
	EndGlobalSection
	GlobalSection(ExtensibilityGlobals) = postSolution
		SolutionGuid = {4B7F617A-6643-4096-83CF-5F9F0D3C2C61}
	EndGlobalSection
EndGlobal
